
Microsoft Visual Studio Solution File, Format Version 12.00
# Visual Studio Version 16
VisualStudioVersion = 16.0.29613.14
MinimumVisualStudioVersion = 10.0.40219.1
Project("{9A19103F-16F7-4668-BE54-9A1E7A4F7556}") = "Web Api Demo", "WebApplication1\Web Api Demo.csproj", "{A6023069-2F6C-40AB-843A-403DE9B852D7}"
EndProject
Project("{FAE04EC0-301F-11D3-BF4B-00C04F79EFBC}") = "MVC Demo", "..\MVC Demo\MVC Demo.csproj", "{2E4F50FA-3DC9-43BD-BEC7-3A7035C7169E}"
EndProject
Global
	GlobalSection(SolutionConfigurationPlatforms) = preSolution
		Debug|Any CPU = Debug|Any CPU
		Release|Any CPU = Release|Any CPU
	EndGlobalSection
	GlobalSection(ProjectConfigurationPlatforms) = postSolution
		{A6023069-2F6C-40AB-843A-403DE9B852D7}.Debug|Any CPU.ActiveCfg = Debug|Any CPU
		{A6023069-2F6C-40AB-843A-403DE9B852D7}.Debug|Any CPU.Build.0 = Debug|Any CPU
		{A6023069-2F6C-40AB-843A-403DE9B852D7}.Release|Any CPU.ActiveCfg = Release|Any CPU
		{A6023069-2F6C-40AB-843A-403DE9B852D7}.Release|Any CPU.Build.0 = Release|Any CPU
		{2E4F50FA-3DC9-43BD-BEC7-3A7035C7169E}.Debug|Any CPU.ActiveCfg = Debug|Any CPU
		{2E4F50FA-3DC9-43BD-BEC7-3A7035C7169E}.Debug|Any CPU.Build.0 = Debug|Any CPU
		{2E4F50FA-3DC9-43BD-BEC7-3A7035C7169E}.Release|Any CPU.ActiveCfg = Release|Any CPU
		{2E4F50FA-3DC9-43BD-BEC7-3A7035C7169E}.Release|Any CPU.Build.0 = Release|Any CPU
	EndGlobalSection
	GlobalSection(SolutionProperties) = preSolution
		HideSolutionNode = FALSE
	EndGlobalSection
	GlobalSection(ExtensibilityGlobals) = postSolution
		SolutionGuid = {4C407ADE-2C97-4618-8022-D68EF45F70C5}
	EndGlobalSection
EndGlobal
